{
  "version": 2,
  "dependencies": {
    "net10.0": {
      "Microsoft.AspNetCore.OpenApi": {
        "type": "Direct",
        "requested": "[10.0.3, )",
        "resolved": "10.0.3",
        "contentHash": "SAvSrKDgnY5GDjDAngOXxPhUvEKlTU/0zIq8zidqHvh/xnZBPs0Vc4LqwyvnmnafNnyUaivtRABz4K4wodXfSg==",
        "dependencies": {
          "Microsoft.OpenApi": "2.0.0"
        }
      },
      "Microsoft.OpenApi": {
        "type": "CentralTransitive",
        "requested": "[2.6.1, )",
        "resolved": "2.6.1",
        "contentHash": "PsuxkZR3JXrfiMQUGkdb+U8sMgNqcEqmeBITnJswScWgxvQs73aagmaiww+TMgrAtPpIvveJb3nFICDkPfKXUQ=="
      }
    }
  }
}